
Microsoft Visual Studio Solution File, Format Version 12.00
# Visual Studio Version 17
VisualStudioVersion = 17.7.34202.233
MinimumVisualStudioVersion = 10.0.40219.1
Project("{FAE04EC0-301F-11D3-BF4B-00C04F79EFBC}") = "ProjektProgramowanieObiektowe", "ProjektProgramowanieObiektowe\ProjektProgramowanieObiektowe.csproj", "{67858D79-4BC8-41B4-9414-5316F98CD1ED}"
EndProject
Global
	GlobalSection(SolutionConfigurationPlatforms) = preSolution
		Debug|Any CPU = Debug|Any CPU
		Release|Any CPU = Release|Any CPU
	EndGlobalSection
	GlobalSection(ProjectConfigurationPlatforms) = postSolution
		{67858D79-4BC8-41B4-9414-5316F98CD1ED}.Debug|Any CPU.ActiveCfg = Debug|Any CPU
		{67858D79-4BC8-41B4-9414-5316F98CD1ED}.Debug|Any CPU.Build.0 = Debug|Any CPU
		{67858D79-4BC8-41B4-9414-5316F98CD1ED}.Release|Any CPU.ActiveCfg = Release|Any CPU
		{67858D79-4BC8-41B4-9414-5316F98CD1ED}.Release|Any CPU.Build.0 = Release|Any CPU
	EndGlobalSection
	GlobalSection(SolutionProperties) = preSolution
		HideSolutionNode = FALSE
	EndGlobalSection
	GlobalSection(ExtensibilityGlobals) = postSolution
		SolutionGuid = {D5C25E41-6D52-433F-AFED-408F7DEA6A51}
	EndGlobalSection
EndGlobal
